// !$*UTF8*$!
{
	archiveVersion = 1;
	classes = {
	};
	objectVersion = 46;
	objects = {

/* Begin PBXBuildFile section */
		035AF705ED5F22FF4702915E /* Pods_CrushBootstrap.framework in Frameworks */ = {isa = PBXBuildFile; fileRef = E50C73A32B42635E740CDEAA /* Pods_CrushBootstrap.framework */; };
		095A30011D3491D100665F07 /* UnitTests.swift in Sources */ = {isa = PBXBuildFile; fileRef = 095A30001D3491D100665F07 /* UnitTests.swift */; };
		095A30151D34952100665F07 /* CRBSAppDelegate.swift in Sources */ = {isa = PBXBuildFile; fileRef = 095A30141D34952100665F07 /* CRBSAppDelegate.swift */; };
		095A30171D34964300665F07 /* CRBSViewController.swift in Sources */ = {isa = PBXBuildFile; fileRef = 095A30161D34964300665F07 /* CRBSViewController.swift */; };
		6260DB6FD215C02CE2DB0638 /* Pods_unit_tests_UnitTests.framework in Frameworks */ = {isa = PBXBuildFile; fileRef = F0CD40F0BB64AEF97BDF9BB1 /* Pods_unit_tests_UnitTests.framework */; };
		BD304C8318E77F7E0034105E /* Settings.bundle in Resources */ = {isa = PBXBuildFile; fileRef = BD304C8218E77F7E0034105E /* Settings.bundle */; };
		BD35136619BE274A00A19841 /* CRBSConstants.m in Sources */ = {isa = PBXBuildFile; fileRef = BD35136519BE274A00A19841 /* CRBSConstants.m */; };
		BDDB996E18C3943B003EBC42 /* Images.xcassets in Resources */ = {isa = PBXBuildFile; fileRef = BDDB996D18C3943B003EBC42 /* Images.xcassets */; };
		BDF68AF11B713C3400153C8D /* Main.storyboard in Resources */ = {isa = PBXBuildFile; fileRef = BDF68AF01B713C3400153C8D /* Main.storyboard */; };
		BDF68AF31B713C6200153C8D /* LaunchScreen.xib in Resources */ = {isa = PBXBuildFile; fileRef = BDF68AF21B713C6200153C8D /* LaunchScreen.xib */; };
		C55755F3C8F10252FEA8BBD9 /* Pods_UnitTests.framework in Frameworks */ = {isa = PBXBuildFile; fileRef = 5DDD1D95BB035777A9762C60 /* Pods_UnitTests.framework */; };
/* End PBXBuildFile section */

/* Begin PBXContainerItemProxy section */
		095A30031D3491D100665F07 /* PBXContainerItemProxy */ = {
			isa = PBXContainerItemProxy;
			containerPortal = BDDB994718C3943B003EBC42 /* Project object */;
			proxyType = 1;
			remoteGlobalIDString = BDDB994E18C3943B003EBC42;
			remoteInfo = CrushBootstrap;
		};
/* End PBXContainerItemProxy section */

/* Begin PBXFileReference section */
		01142E738AF43B87D79BCDFD /* Pods-unit_tests-UnitTests.profile_production.xcconfig */ = {isa = PBXFileReference; includeInIndex = 1; lastKnownFileType = text.xcconfig; name = "Pods-unit_tests-UnitTests.profile_production.xcconfig"; path = "Pods/Target Support Files/Pods-unit_tests-UnitTests/Pods-unit_tests-UnitTests.profile_production.xcconfig"; sourceTree = "<group>"; };
		095A2FFE1D3491D100665F07 /* UnitTests.xctest */ = {isa = PBXFileReference; explicitFileType = wrapper.cfbundle; includeInIndex = 0; path = UnitTests.xctest; sourceTree = BUILT_PRODUCTS_DIR; };
		095A30001D3491D100665F07 /* UnitTests.swift */ = {isa = PBXFileReference; lastKnownFileType = sourcecode.swift; path = UnitTests.swift; sourceTree = "<group>"; };
		095A30021D3491D100665F07 /* Info.plist */ = {isa = PBXFileReference; lastKnownFileType = text.plist.xml; path = Info.plist; sourceTree = "<group>"; };
		095A30131D34952100665F07 /* CrushBootstrap-Bridging-Header.h */ = {isa = PBXFileReference; lastKnownFileType = sourcecode.c.h; path = "CrushBootstrap-Bridging-Header.h"; sourceTree = "<group>"; };
		095A30141D34952100665F07 /* CRBSAppDelegate.swift */ = {isa = PBXFileReference; fileEncoding = 4; lastKnownFileType = sourcecode.swift; path = CRBSAppDelegate.swift; sourceTree = "<group>"; };
		095A30161D34964300665F07 /* CRBSViewController.swift */ = {isa = PBXFileReference; fileEncoding = 4; lastKnownFileType = sourcecode.swift; path = CRBSViewController.swift; sourceTree = "<group>"; };
		0E57BD7432D5E8CA3AA9A67A /* Pods-UnitTests.test_staging.xcconfig */ = {isa = PBXFileReference; includeInIndex = 1; lastKnownFileType = text.xcconfig; name = "Pods-UnitTests.test_staging.xcconfig"; path = "Pods/Target Support Files/Pods-UnitTests/Pods-UnitTests.test_staging.xcconfig"; sourceTree = "<group>"; };
		1418614B578E89C166340D79 /* Pods-UnitTests.profile_production.xcconfig */ = {isa = PBXFileReference; includeInIndex = 1; lastKnownFileType = text.xcconfig; name = "Pods-UnitTests.profile_production.xcconfig"; path = "Pods/Target Support Files/Pods-UnitTests/Pods-UnitTests.profile_production.xcconfig"; sourceTree = "<group>"; };
		291D04D80658EF7CF080525F /* Pods-UnitTests.adhoc_staging.xcconfig */ = {isa = PBXFileReference; includeInIndex = 1; lastKnownFileType = text.xcconfig; name = "Pods-UnitTests.adhoc_staging.xcconfig"; path = "Pods/Target Support Files/Pods-UnitTests/Pods-UnitTests.adhoc_staging.xcconfig"; sourceTree = "<group>"; };
		2B1C5A74EB7FAF42A2A6F293 /* Pods-CrushBootstrap.debug_staging.xcconfig */ = {isa = PBXFileReference; includeInIndex = 1; lastKnownFileType = text.xcconfig; name = "Pods-CrushBootstrap.debug_staging.xcconfig"; path = "Pods/Target Support Files/Pods-CrushBootstrap/Pods-CrushBootstrap.debug_staging.xcconfig"; sourceTree = "<group>"; };
		36944FCC870D1794223372D4 /* Pods-CrushBootstrap.distribution.xcconfig */ = {isa = PBXFileReference; includeInIndex = 1; lastKnownFileType = text.xcconfig; name = "Pods-CrushBootstrap.distribution.xcconfig"; path = "Pods/Target Support Files/Pods-CrushBootstrap/Pods-CrushBootstrap.distribution.xcconfig"; sourceTree = "<group>"; };
		3C3BF4B18BBE9DC32A505431 /* Pods-unit_tests-UnitTests.adhoc_production.xcconfig */ = {isa = PBXFileReference; includeInIndex = 1; lastKnownFileType = text.xcconfig; name = "Pods-unit_tests-UnitTests.adhoc_production.xcconfig"; path = "Pods/Target Support Files/Pods-unit_tests-UnitTests/Pods-unit_tests-UnitTests.adhoc_production.xcconfig"; sourceTree = "<group>"; };
		424A9AE868EE18C648D82A5A /* Pods-CrushBootstrap.adhoc_staging.xcconfig */ = {isa = PBXFileReference; includeInIndex = 1; lastKnownFileType = text.xcconfig; name = "Pods-CrushBootstrap.adhoc_staging.xcconfig"; path = "Pods/Target Support Files/Pods-CrushBootstrap/Pods-CrushBootstrap.adhoc_staging.xcconfig"; sourceTree = "<group>"; };
		52D92556C4B83D9C37E65E30 /* Pods-UnitTests.debug_production.xcconfig */ = {isa = PBXFileReference; includeInIndex = 1; lastKnownFileType = text.xcconfig; name = "Pods-UnitTests.debug_production.xcconfig"; path = "Pods/Target Support Files/Pods-UnitTests/Pods-UnitTests.debug_production.xcconfig"; sourceTree = "<group>"; };
		5DDD1D95BB035777A9762C60 /* Pods_UnitTests.framework */ = {isa = PBXFileReference; explicitFileType = wrapper.framework; includeInIndex = 0; path = Pods_UnitTests.framework; sourceTree = BUILT_PRODUCTS_DIR; };
		84C83086D7DAE56AA7C89D4D /* Pods-UnitTests.adhoc_production.xcconfig */ = {isa = PBXFileReference; includeInIndex = 1; lastKnownFileType = text.xcconfig; name = "Pods-UnitTests.adhoc_production.xcconfig"; path = "Pods/Target Support Files/Pods-UnitTests/Pods-UnitTests.adhoc_production.xcconfig"; sourceTree = "<group>"; };
		874E0C9AA533D929356B3825 /* Pods-CrushBootstrap.profile_staging.xcconfig */ = {isa = PBXFileReference; includeInIndex = 1; lastKnownFileType = text.xcconfig; name = "Pods-CrushBootstrap.profile_staging.xcconfig"; path = "Pods/Target Support Files/Pods-CrushBootstrap/Pods-CrushBootstrap.profile_staging.xcconfig"; sourceTree = "<group>"; };
		8BAE0A5AA8CF02F2F2496722 /* Pods-CrushBootstrap.profile_production.xcconfig */ = {isa = PBXFileReference; includeInIndex = 1; lastKnownFileType = text.xcconfig; name = "Pods-CrushBootstrap.profile_production.xcconfig"; path = "Pods/Target Support Files/Pods-CrushBootstrap/Pods-CrushBootstrap.profile_production.xcconfig"; sourceTree = "<group>"; };
		90916D6CEE343404ED10C7CF /* Pods-unit_tests-UnitTests.test_staging.xcconfig */ = {isa = PBXFileReference; includeInIndex = 1; lastKnownFileType = text.xcconfig; name = "Pods-unit_tests-UnitTests.test_staging.xcconfig"; path = "Pods/Target Support Files/Pods-unit_tests-UnitTests/Pods-unit_tests-UnitTests.test_staging.xcconfig"; sourceTree = "<group>"; };
		9723C4FEC22B9DA0FA43DB71 /* Pods-unit_tests-UnitTests.adhoc_staging.xcconfig */ = {isa = PBXFileReference; includeInIndex = 1; lastKnownFileType = text.xcconfig; name = "Pods-unit_tests-UnitTests.adhoc_staging.xcconfig"; path = "Pods/Target Support Files/Pods-unit_tests-UnitTests/Pods-unit_tests-UnitTests.adhoc_staging.xcconfig"; sourceTree = "<group>"; };
		A06B515E067379B8477A8245 /* libPods.a */ = {isa = PBXFileReference; explicitFileType = archive.ar; includeInIndex = 0; path = libPods.a; sourceTree = BUILT_PRODUCTS_DIR; };
		A34E2124C2A98AAA584E1838 /* Pods-CrushBootstrap.adhoc_production.xcconfig */ = {isa = PBXFileReference; includeInIndex = 1; lastKnownFileType = text.xcconfig; name = "Pods-CrushBootstrap.adhoc_production.xcconfig"; path = "Pods/Target Support Files/Pods-CrushBootstrap/Pods-CrushBootstrap.adhoc_production.xcconfig"; sourceTree = "<group>"; };
		AB9A123C4D02836E7BC76F50 /* Pods-unit_tests-UnitTests.test_production.xcconfig */ = {isa = PBXFileReference; includeInIndex = 1; lastKnownFileType = text.xcconfig; name = "Pods-unit_tests-UnitTests.test_production.xcconfig"; path = "Pods/Target Support Files/Pods-unit_tests-UnitTests/Pods-unit_tests-UnitTests.test_production.xcconfig"; sourceTree = "<group>"; };
		B1B73DD62A369EC2F5C9BFA5 /* Pods-UnitTests.test_production.xcconfig */ = {isa = PBXFileReference; includeInIndex = 1; lastKnownFileType = text.xcconfig; name = "Pods-UnitTests.test_production.xcconfig"; path = "Pods/Target Support Files/Pods-UnitTests/Pods-UnitTests.test_production.xcconfig"; sourceTree = "<group>"; };
		B3F5AE10A6BC30EA17B458AE /* Pods-CrushBootstrap.test_production.xcconfig */ = {isa = PBXFileReference; includeInIndex = 1; lastKnownFileType = text.xcconfig; name = "Pods-CrushBootstrap.test_production.xcconfig"; path = "Pods/Target Support Files/Pods-CrushBootstrap/Pods-CrushBootstrap.test_production.xcconfig"; sourceTree = "<group>"; };
		B7048883F2D70952BECA2D36 /* Pods-unit_tests-UnitTests.debug_staging.xcconfig */ = {isa = PBXFileReference; includeInIndex = 1; lastKnownFileType = text.xcconfig; name = "Pods-unit_tests-UnitTests.debug_staging.xcconfig"; path = "Pods/Target Support Files/Pods-unit_tests-UnitTests/Pods-unit_tests-UnitTests.debug_staging.xcconfig"; sourceTree = "<group>"; };
		B83E4CF8734CCCF3C931269E /* Pods-CrushBootstrap.test_staging.xcconfig */ = {isa = PBXFileReference; includeInIndex = 1; lastKnownFileType = text.xcconfig; name = "Pods-CrushBootstrap.test_staging.xcconfig"; path = "Pods/Target Support Files/Pods-CrushBootstrap/Pods-CrushBootstrap.test_staging.xcconfig"; sourceTree = "<group>"; };
		B9420CF93773A3A1FB5B5E2E /* Pods-UnitTests.distribution.xcconfig */ = {isa = PBXFileReference; includeInIndex = 1; lastKnownFileType = text.xcconfig; name = "Pods-UnitTests.distribution.xcconfig"; path = "Pods/Target Support Files/Pods-UnitTests/Pods-UnitTests.distribution.xcconfig"; sourceTree = "<group>"; };
		BD304C8218E77F7E0034105E /* Settings.bundle */ = {isa = PBXFileReference; lastKnownFileType = "wrapper.plug-in"; path = Settings.bundle; sourceTree = "<group>"; };
		BD35136419BE274A00A19841 /* CRBSConstants.h */ = {isa = PBXFileReference; fileEncoding = 4; lastKnownFileType = sourcecode.c.h; path = CRBSConstants.h; sourceTree = "<group>"; };
		BD35136519BE274A00A19841 /* CRBSConstants.m */ = {isa = PBXFileReference; fileEncoding = 4; lastKnownFileType = sourcecode.c.objc; path = CRBSConstants.m; sourceTree = "<group>"; };
		BD49EA2C18EC842B00F73350 /* CrushBootstrap-Environment.h */ = {isa = PBXFileReference; lastKnownFileType = sourcecode.c.h; path = "CrushBootstrap-Environment.h"; sourceTree = "<group>"; };
		BD4E49501B8AC7BE004C140F /* CrushBootstrap-Debug.xcconfig */ = {isa = PBXFileReference; lastKnownFileType = text.xcconfig; path = "CrushBootstrap-Debug.xcconfig"; sourceTree = "<group>"; };
		BD4E49511B8AC7BE004C140F /* CrushBootstrap-Profile.xcconfig */ = {isa = PBXFileReference; lastKnownFileType = text.xcconfig; path = "CrushBootstrap-Profile.xcconfig"; sourceTree = "<group>"; };
		BD4E49521B8AC7BE004C140F /* CrushBootstrap-Release.xcconfig */ = {isa = PBXFileReference; lastKnownFileType = text.xcconfig; path = "CrushBootstrap-Release.xcconfig"; sourceTree = "<group>"; };
		BD4E49531B8AC7BE004C140F /* CrushBootstrap-Test.xcconfig */ = {isa = PBXFileReference; lastKnownFileType = text.xcconfig; path = "CrushBootstrap-Test.xcconfig"; sourceTree = "<group>"; };
		BD4E49541B8AC7BE004C140F /* CrushBootstrap.xcconfig */ = {isa = PBXFileReference; lastKnownFileType = text.xcconfig; path = CrushBootstrap.xcconfig; sourceTree = "<group>"; };
		BD4E49731B8AC7DC004C140F /* jspahrsummers-xcconfigs */ = {isa = PBXFileReference; lastKnownFileType = folder; path = "jspahrsummers-xcconfigs"; sourceTree = "<group>"; };
		BD574AFE18EA481500EDD66F /* CrushBootstrap-Prefix.pch */ = {isa = PBXFileReference; fileEncoding = 4; lastKnownFileType = sourcecode.c.h; path = "CrushBootstrap-Prefix.pch"; sourceTree = "<group>"; };
		BD6951EA18EA54A800F2F410 /* CrushBootstrap-Info.plist */ = {isa = PBXFileReference; lastKnownFileType = text.plist.xml; path = "CrushBootstrap-Info.plist"; sourceTree = "<group>"; };
		BDDB994F18C3943B003EBC42 /* CrushBootstrap.app */ = {isa = PBXFileReference; explicitFileType = wrapper.application; includeInIndex = 0; path = CrushBootstrap.app; sourceTree = BUILT_PRODUCTS_DIR; };
		BDDB996D18C3943B003EBC42 /* Images.xcassets */ = {isa = PBXFileReference; lastKnownFileType = folder.assetcatalog; path = Images.xcassets; sourceTree = "<group>"; };
		BDF68AF01B713C3400153C8D /* Main.storyboard */ = {isa = PBXFileReference; fileEncoding = 4; lastKnownFileType = file.storyboard; path = Main.storyboard; sourceTree = "<group>"; };
		BDF68AF21B713C6200153C8D /* LaunchScreen.xib */ = {isa = PBXFileReference; fileEncoding = 4; lastKnownFileType = file.xib; path = LaunchScreen.xib; sourceTree = "<group>"; };
		C737AE953734B3746DC0F2E8 /* Pods-unit_tests-UnitTests.debug_production.xcconfig */ = {isa = PBXFileReference; includeInIndex = 1; lastKnownFileType = text.xcconfig; name = "Pods-unit_tests-UnitTests.debug_production.xcconfig"; path = "Pods/Target Support Files/Pods-unit_tests-UnitTests/Pods-unit_tests-UnitTests.debug_production.xcconfig"; sourceTree = "<group>"; };
		C9909D08EC89EA44846D68F3 /* Pods-unit_tests-UnitTests.distribution.xcconfig */ = {isa = PBXFileReference; includeInIndex = 1; lastKnownFileType = text.xcconfig; name = "Pods-unit_tests-UnitTests.distribution.xcconfig"; path = "Pods/Target Support Files/Pods-unit_tests-UnitTests/Pods-unit_tests-UnitTests.distribution.xcconfig"; sourceTree = "<group>"; };
		E330B49091E4A1298A7686BF /* Pods-UnitTests.profile_staging.xcconfig */ = {isa = PBXFileReference; includeInIndex = 1; lastKnownFileType = text.xcconfig; name = "Pods-UnitTests.profile_staging.xcconfig"; path = "Pods/Target Support Files/Pods-UnitTests/Pods-UnitTests.profile_staging.xcconfig"; sourceTree = "<group>"; };
		E501F7D3E6C8CFE0B1A045FF /* Pods-unit_tests-UnitTests.profile_staging.xcconfig */ = {isa = PBXFileReference; includeInIndex = 1; lastKnownFileType = text.xcconfig; name = "Pods-unit_tests-UnitTests.profile_staging.xcconfig"; path = "Pods/Target Support Files/Pods-unit_tests-UnitTests/Pods-unit_tests-UnitTests.profile_staging.xcconfig"; sourceTree = "<group>"; };
		E50C73A32B42635E740CDEAA /* Pods_CrushBootstrap.framework */ = {isa = PBXFileReference; explicitFileType = wrapper.framework; includeInIndex = 0; path = Pods_CrushBootstrap.framework; sourceTree = BUILT_PRODUCTS_DIR; };
		EDC752BB1F04C785B5918D1A /* Pods-CrushBootstrap.debug_production.xcconfig */ = {isa = PBXFileReference; includeInIndex = 1; lastKnownFileType = text.xcconfig; name = "Pods-CrushBootstrap.debug_production.xcconfig"; path = "Pods/Target Support Files/Pods-CrushBootstrap/Pods-CrushBootstrap.debug_production.xcconfig"; sourceTree = "<group>"; };
		F0CD40F0BB64AEF97BDF9BB1 /* Pods_unit_tests_UnitTests.framework */ = {isa = PBXFileReference; explicitFileType = wrapper.framework; includeInIndex = 0; path = Pods_unit_tests_UnitTests.framework; sourceTree = BUILT_PRODUCTS_DIR; };
		F6B48921151A49601F4B7429 /* Pods-UnitTests.debug_staging.xcconfig */ = {isa = PBXFileReference; includeInIndex = 1; lastKnownFileType = text.xcconfig; name = "Pods-UnitTests.debug_staging.xcconfig"; path = "Pods/Target Support Files/Pods-UnitTests/Pods-UnitTests.debug_staging.xcconfig"; sourceTree = "<group>"; };
/* End PBXFileReference section */

/* Begin PBXFrameworksBuildPhase section */
		095A2FFB1D3491D100665F07 /* Frameworks */ = {
			isa = PBXFrameworksBuildPhase;
			buildActionMask = 2147483647;
			files = (
				C55755F3C8F10252FEA8BBD9 /* Pods_UnitTests.framework in Frameworks */,
				6260DB6FD215C02CE2DB0638 /* Pods_unit_tests_UnitTests.framework in Frameworks */,
			);
			runOnlyForDeploymentPostprocessing = 0;
		};
		BDDB994C18C3943B003EBC42 /* Frameworks */ = {
			isa = PBXFrameworksBuildPhase;
			buildActionMask = 2147483647;
			files = (
				035AF705ED5F22FF4702915E /* Pods_CrushBootstrap.framework in Frameworks */,
			);
			runOnlyForDeploymentPostprocessing = 0;
		};
/* End PBXFrameworksBuildPhase section */

/* Begin PBXGroup section */
		095A2FFF1D3491D100665F07 /* UnitTests */ = {
			isa = PBXGroup;
			children = (
				095A30001D3491D100665F07 /* UnitTests.swift */,
				095A30021D3491D100665F07 /* Info.plist */,
			);
			path = UnitTests;
			sourceTree = "<group>";
		};
		55C5AA14CC157D6E10D487F9 /* Pods */ = {
			isa = PBXGroup;
			children = (
				F6B48921151A49601F4B7429 /* Pods-UnitTests.debug_staging.xcconfig */,
				52D92556C4B83D9C37E65E30 /* Pods-UnitTests.debug_production.xcconfig */,
				0E57BD7432D5E8CA3AA9A67A /* Pods-UnitTests.test_staging.xcconfig */,
				B1B73DD62A369EC2F5C9BFA5 /* Pods-UnitTests.test_production.xcconfig */,
				B9420CF93773A3A1FB5B5E2E /* Pods-UnitTests.distribution.xcconfig */,
				291D04D80658EF7CF080525F /* Pods-UnitTests.adhoc_staging.xcconfig */,
				84C83086D7DAE56AA7C89D4D /* Pods-UnitTests.adhoc_production.xcconfig */,
				E330B49091E4A1298A7686BF /* Pods-UnitTests.profile_staging.xcconfig */,
				1418614B578E89C166340D79 /* Pods-UnitTests.profile_production.xcconfig */,
				2B1C5A74EB7FAF42A2A6F293 /* Pods-CrushBootstrap.debug_staging.xcconfig */,
				EDC752BB1F04C785B5918D1A /* Pods-CrushBootstrap.debug_production.xcconfig */,
				B83E4CF8734CCCF3C931269E /* Pods-CrushBootstrap.test_staging.xcconfig */,
				B3F5AE10A6BC30EA17B458AE /* Pods-CrushBootstrap.test_production.xcconfig */,
				36944FCC870D1794223372D4 /* Pods-CrushBootstrap.distribution.xcconfig */,
				424A9AE868EE18C648D82A5A /* Pods-CrushBootstrap.adhoc_staging.xcconfig */,
				A34E2124C2A98AAA584E1838 /* Pods-CrushBootstrap.adhoc_production.xcconfig */,
				874E0C9AA533D929356B3825 /* Pods-CrushBootstrap.profile_staging.xcconfig */,
				8BAE0A5AA8CF02F2F2496722 /* Pods-CrushBootstrap.profile_production.xcconfig */,
				B7048883F2D70952BECA2D36 /* Pods-unit_tests-UnitTests.debug_staging.xcconfig */,
				C737AE953734B3746DC0F2E8 /* Pods-unit_tests-UnitTests.debug_production.xcconfig */,
				90916D6CEE343404ED10C7CF /* Pods-unit_tests-UnitTests.test_staging.xcconfig */,
				AB9A123C4D02836E7BC76F50 /* Pods-unit_tests-UnitTests.test_production.xcconfig */,
				C9909D08EC89EA44846D68F3 /* Pods-unit_tests-UnitTests.distribution.xcconfig */,
				9723C4FEC22B9DA0FA43DB71 /* Pods-unit_tests-UnitTests.adhoc_staging.xcconfig */,
				3C3BF4B18BBE9DC32A505431 /* Pods-unit_tests-UnitTests.adhoc_production.xcconfig */,
				E501F7D3E6C8CFE0B1A045FF /* Pods-unit_tests-UnitTests.profile_staging.xcconfig */,
				01142E738AF43B87D79BCDFD /* Pods-unit_tests-UnitTests.profile_production.xcconfig */,
			);
			name = Pods;
			sourceTree = "<group>";
		};
		BD3CA8BA18D8A68600C993E0 /* Resources */ = {
			isa = PBXGroup;
			children = (
				BDF68AF21B713C6200153C8D /* LaunchScreen.xib */,
				BDDB996D18C3943B003EBC42 /* Images.xcassets */,
				BD304C8218E77F7E0034105E /* Settings.bundle */,
			);
			path = Resources;
			sourceTree = "<group>";
		};
		BD4E494F1B8AC7BE004C140F /* Configuration */ = {
			isa = PBXGroup;
			children = (
				BD4E49731B8AC7DC004C140F /* jspahrsummers-xcconfigs */,
				BD4E49501B8AC7BE004C140F /* CrushBootstrap-Debug.xcconfig */,
				BD4E49511B8AC7BE004C140F /* CrushBootstrap-Profile.xcconfig */,
				BD4E49521B8AC7BE004C140F /* CrushBootstrap-Release.xcconfig */,
				BD4E49531B8AC7BE004C140F /* CrushBootstrap-Test.xcconfig */,
				BD4E49541B8AC7BE004C140F /* CrushBootstrap.xcconfig */,
			);
			path = Configuration;
			sourceTree = "<group>";
		};
		BD574AFA18EA47FA00EDD66F /* Library */ = {
			isa = PBXGroup;
			children = (
			);
			path = Library;
			sourceTree = "<group>";
		};
		BD574AFB18EA47FA00EDD66F /* Models */ = {
			isa = PBXGroup;
			children = (
			);
			path = Models;
			sourceTree = "<group>";
		};
		BD574AFC18EA481500EDD66F /* Other-Sources */ = {
			isa = PBXGroup;
			children = (
				BD4E494F1B8AC7BE004C140F /* Configuration */,
				BD35136419BE274A00A19841 /* CRBSConstants.h */,
				BD35136519BE274A00A19841 /* CRBSConstants.m */,
				BD6951EA18EA54A800F2F410 /* CrushBootstrap-Info.plist */,
				BD49EA2C18EC842B00F73350 /* CrushBootstrap-Environment.h */,
			);
			path = "Other-Sources";
			sourceTree = "<group>";
		};
		BD574B0318EA481500EDD66F /* Views */ = {
			isa = PBXGroup;
			children = (
			);
			path = Views;
			sourceTree = "<group>";
		};
		BDB71B2518EA46ED00579B97 /* Application */ = {
			isa = PBXGroup;
			children = (
				BD574AFE18EA481500EDD66F /* CrushBootstrap-Prefix.pch */,
				095A30141D34952100665F07 /* CRBSAppDelegate.swift */,
				095A30131D34952100665F07 /* CrushBootstrap-Bridging-Header.h */,
			);
			path = Application;
			sourceTree = "<group>";
		};
		BDB71B2618EA471400579B97 /* Controllers */ = {
			isa = PBXGroup;
			children = (
				BDF68AF01B713C3400153C8D /* Main.storyboard */,
				095A30161D34964300665F07 /* CRBSViewController.swift */,
			);
			path = Controllers;
			sourceTree = "<group>";
		};
		BDDB994618C3943B003EBC42 = {
			isa = PBXGroup;
			children = (
				BDDB995818C3943B003EBC42 /* CrushBootstrap */,
				095A2FFF1D3491D100665F07 /* UnitTests */,
				D36FABF09F1A984E257F1EAF /* Frameworks */,
				55C5AA14CC157D6E10D487F9 /* Pods */,
				BDDB995018C3943B003EBC42 /* Products */,
			);
			indentWidth = 4;
			sourceTree = "<group>";
			tabWidth = 4;
			usesTabs = 0;
		};
		BDDB995018C3943B003EBC42 /* Products */ = {
			isa = PBXGroup;
			children = (
				BDDB994F18C3943B003EBC42 /* CrushBootstrap.app */,
				095A2FFE1D3491D100665F07 /* UnitTests.xctest */,
			);
			name = Products;
			sourceTree = "<group>";
		};
		BDDB995818C3943B003EBC42 /* CrushBootstrap */ = {
			isa = PBXGroup;
			children = (
				BDB71B2618EA471400579B97 /* Controllers */,
				BD574AFB18EA47FA00EDD66F /* Models */,
				BD574AFA18EA47FA00EDD66F /* Library */,
				BD3CA8BA18D8A68600C993E0 /* Resources */,
				BD574B0318EA481500EDD66F /* Views */,
				BDB71B2518EA46ED00579B97 /* Application */,
				BD574AFC18EA481500EDD66F /* Other-Sources */,
			);
			path = CrushBootstrap;
			sourceTree = "<group>";
		};
		D36FABF09F1A984E257F1EAF /* Frameworks */ = {
			isa = PBXGroup;
			children = (
				A06B515E067379B8477A8245 /* libPods.a */,
				E50C73A32B42635E740CDEAA /* Pods_CrushBootstrap.framework */,
				5DDD1D95BB035777A9762C60 /* Pods_UnitTests.framework */,
				F0CD40F0BB64AEF97BDF9BB1 /* Pods_unit_tests_UnitTests.framework */,
			);
			name = Frameworks;
			sourceTree = "<group>";
		};
/* End PBXGroup section */

/* Begin PBXNativeTarget section */
		095A2FFD1D3491D100665F07 /* UnitTests */ = {
			isa = PBXNativeTarget;
			buildConfigurationList = 095A300E1D3491D100665F07 /* Build configuration list for PBXNativeTarget "UnitTests" */;
			buildPhases = (
				095A300F1D3491FA00665F07 /* [CP] Check Pods Manifest.lock */,
				095A2FFA1D3491D100665F07 /* Sources */,
				095A2FFB1D3491D100665F07 /* Frameworks */,
				095A2FFC1D3491D100665F07 /* Resources */,
				095A30111D34922700665F07 /* [CP] Copy Pods Resources */,
				095A30121D34923400665F07 /* [CP] Embed Pods Frameworks */,
			);
			buildRules = (
			);
			dependencies = (
				095A30041D3491D100665F07 /* PBXTargetDependency */,
			);
			name = UnitTests;
			productName = UnitTests;
			productReference = 095A2FFE1D3491D100665F07 /* UnitTests.xctest */;
			productType = "com.apple.product-type.bundle.unit-test";
		};
		BDDB994E18C3943B003EBC42 /* CrushBootstrap */ = {
			isa = PBXNativeTarget;
			buildConfigurationList = BDDB998418C3943B003EBC42 /* Build configuration list for PBXNativeTarget "CrushBootstrap" */;
			buildPhases = (
				484072D13264D03778155D91 /* [CP] Check Pods Manifest.lock */,
				BDDB994B18C3943B003EBC42 /* Sources */,
				BDDB994C18C3943B003EBC42 /* Frameworks */,
				BDDB994D18C3943B003EBC42 /* Resources */,
				BDC7F36218EBA5EE0045D4BD /* Remove Unused Localizations */,
				BD35136319BE21BD00A19841 /* Badge App Icons */,
				AB98CDFE614C659979BA251F /* [CP] Embed Pods Frameworks */,
				F75BC8EFBC6BD00FBA2E82B3 /* [CP] Copy Pods Resources */,
			);
			buildRules = (
			);
			dependencies = (
			);
			name = CrushBootstrap;
			productName = CrushBootstrap;
			productReference = BDDB994F18C3943B003EBC42 /* CrushBootstrap.app */;
			productType = "com.apple.product-type.application";
		};
/* End PBXNativeTarget section */

/* Begin PBXProject section */
		BDDB994718C3943B003EBC42 /* Project object */ = {
			isa = PBXProject;
			attributes = {
				CLASSPREFIX = CRBS;
				LastSwiftUpdateCheck = 0730;
				LastUpgradeCheck = 0730;
				ORGANIZATIONNAME = "Crush & Lovely";
				TargetAttributes = {
					095A2FFD1D3491D100665F07 = {
						CreatedOnToolsVersion = 7.3.1;
						TestTargetID = BDDB994E18C3943B003EBC42;
					};
				};
			};
			buildConfigurationList = BDDB994A18C3943B003EBC42 /* Build configuration list for PBXProject "CrushBootstrap" */;
			compatibilityVersion = "Xcode 3.2";
			developmentRegion = English;
			hasScannedForEncodings = 0;
			knownRegions = (
				en,
				Base,
			);
			mainGroup = BDDB994618C3943B003EBC42;
			productRefGroup = BDDB995018C3943B003EBC42 /* Products */;
			projectDirPath = "";
			projectRoot = "";
			targets = (
				BDDB994E18C3943B003EBC42 /* CrushBootstrap */,
				095A2FFD1D3491D100665F07 /* UnitTests */,
			);
		};
/* End PBXProject section */

/* Begin PBXResourcesBuildPhase section */
		095A2FFC1D3491D100665F07 /* Resources */ = {
			isa = PBXResourcesBuildPhase;
			buildActionMask = 2147483647;
			files = (
			);
			runOnlyForDeploymentPostprocessing = 0;
		};
		BDDB994D18C3943B003EBC42 /* Resources */ = {
			isa = PBXResourcesBuildPhase;
			buildActionMask = 2147483647;
			files = (
				BDF68AF31B713C6200153C8D /* LaunchScreen.xib in Resources */,
				BDDB996E18C3943B003EBC42 /* Images.xcassets in Resources */,
				BD304C8318E77F7E0034105E /* Settings.bundle in Resources */,
				BDF68AF11B713C3400153C8D /* Main.storyboard in Resources */,
			);
			runOnlyForDeploymentPostprocessing = 0;
		};
/* End PBXResourcesBuildPhase section */

/* Begin PBXShellScriptBuildPhase section */
		095A300F1D3491FA00665F07 /* [CP] Check Pods Manifest.lock */ = {
			isa = PBXShellScriptBuildPhase;
			buildActionMask = 2147483647;
			files = (
			);
			inputPaths = (
			);
			name = "[CP] Check Pods Manifest.lock";
			outputPaths = (
			);
			runOnlyForDeploymentPostprocessing = 0;
			shellPath = /bin/sh;
			shellScript = "diff \"${PODS_ROOT}/../Podfile.lock\" \"${PODS_ROOT}/Manifest.lock\" > /dev/null\nif [[ $? != 0 ]] ; then\n    cat << EOM\nerror: The sandbox is not in sync with the Podfile.lock. Run 'pod install' or update your CocoaPods installation.\nEOM\n    exit 1\nfi\n";
		};
		095A30111D34922700665F07 /* [CP] Copy Pods Resources */ = {
			isa = PBXShellScriptBuildPhase;
			buildActionMask = 2147483647;
			files = (
			);
			inputPaths = (
			);
			name = "[CP] Copy Pods Resources";
			outputPaths = (
			);
			runOnlyForDeploymentPostprocessing = 0;
			shellPath = /bin/sh;
			shellScript = "\"${SRCROOT}/Pods/Target Support Files/Pods-unit_tests-UnitTests/Pods-unit_tests-UnitTests-resources.sh\"\n";
		};
		095A30121D34923400665F07 /* [CP] Embed Pods Frameworks */ = {
			isa = PBXShellScriptBuildPhase;
			buildActionMask = 2147483647;
			files = (
			);
			inputPaths = (
			);
			name = "[CP] Embed Pods Frameworks";
			outputPaths = (
			);
			runOnlyForDeploymentPostprocessing = 0;
			shellPath = /bin/sh;
			shellScript = "\"${SRCROOT}/Pods/Target Support Files/Pods-unit_tests-UnitTests/Pods-unit_tests-UnitTests-frameworks.sh\"\n";
		};
		484072D13264D03778155D91 /* [CP] Check Pods Manifest.lock */ = {
			isa = PBXShellScriptBuildPhase;
			buildActionMask = 2147483647;
			files = (
			);
			inputPaths = (
			);
			name = "[CP] Check Pods Manifest.lock";
			outputPaths = (
			);
			runOnlyForDeploymentPostprocessing = 0;
			shellPath = /bin/sh;
			shellScript = "diff \"${PODS_ROOT}/../Podfile.lock\" \"${PODS_ROOT}/Manifest.lock\" > /dev/null\nif [[ $? != 0 ]] ; then\n    cat << EOM\nerror: The sandbox is not in sync with the Podfile.lock. Run 'pod install' or update your CocoaPods installation.\nEOM\n    exit 1\nfi\n";
			showEnvVarsInLog = 0;
		};
		AB98CDFE614C659979BA251F /* [CP] Embed Pods Frameworks */ = {
			isa = PBXShellScriptBuildPhase;
			buildActionMask = 2147483647;
			files = (
			);
			inputPaths = (
			);
			name = "[CP] Embed Pods Frameworks";
			outputPaths = (
			);
			runOnlyForDeploymentPostprocessing = 0;
			shellPath = /bin/sh;
			shellScript = "\"${SRCROOT}/Pods/Target Support Files/Pods-CrushBootstrap/Pods-CrushBootstrap-frameworks.sh\"\n";
			showEnvVarsInLog = 0;
		};
		BD35136319BE21BD00A19841 /* Badge App Icons */ = {
			isa = PBXShellScriptBuildPhase;
			buildActionMask = 2147483647;
			files = (
			);
			inputPaths = (
			);
			name = "Badge App Icons";
			outputPaths = (
			);
			runOnlyForDeploymentPostprocessing = 0;
			shellPath = /bin/sh;
			shellScript = "# For non-app store builds, this script badges the app's icons to indicate whether\n# the build targets staging or production, as well as its version and build number.\n# Changes are made to the icons in the products directory; the icons in your app\n# are unchanged.\n\n# As always, if this isn't to your liking, feel free to remove this build phase.\n\n\"${SRCROOT}/Scripts/BadgeIcons.py\"";
			showEnvVarsInLog = 0;
		};
		BDC7F36218EBA5EE0045D4BD /* Remove Unused Localizations */ = {
			isa = PBXShellScriptBuildPhase;
			buildActionMask = 2147483647;
			files = (
			);
			inputPaths = (
			);
			name = "Remove Unused Localizations";
			outputPaths = (
			);
			runOnlyForDeploymentPostprocessing = 0;
			shellPath = /bin/sh;
			shellScript = "# This removes localization files for regions which you haven't explicitly localized\n# in the project settings. This is to work around an issue with pods that include\n# localizations for many languages, and the subsequent misreading of those files\n# by iTunes Connect.\n# See this GitHub issue for more details and other workarounds:\n# https://github.com/mattt/FormatterKit/issues/88\n\n# Feel free to remove this build phase if that problem doesn't apply to you,\n# though leaving it in should be harmless.\n\n\"${SRCROOT}/Scripts/RemoveUnusedLocalizations.py\"";
			showEnvVarsInLog = 0;
		};
		F75BC8EFBC6BD00FBA2E82B3 /* [CP] Copy Pods Resources */ = {
			isa = PBXShellScriptBuildPhase;
			buildActionMask = 2147483647;
			files = (
			);
			inputPaths = (
			);
			name = "[CP] Copy Pods Resources";
			outputPaths = (
			);
			runOnlyForDeploymentPostprocessing = 0;
			shellPath = /bin/sh;
			shellScript = "\"${SRCROOT}/Pods/Target Support Files/Pods-CrushBootstrap/Pods-CrushBootstrap-resources.sh\"\n";
			showEnvVarsInLog = 0;
		};
/* End PBXShellScriptBuildPhase section */

/* Begin PBXSourcesBuildPhase section */
		095A2FFA1D3491D100665F07 /* Sources */ = {
			isa = PBXSourcesBuildPhase;
			buildActionMask = 2147483647;
			files = (
				095A30011D3491D100665F07 /* UnitTests.swift in Sources */,
			);
			runOnlyForDeploymentPostprocessing = 0;
		};
		BDDB994B18C3943B003EBC42 /* Sources */ = {
			isa = PBXSourcesBuildPhase;
			buildActionMask = 2147483647;
			files = (
				BD35136619BE274A00A19841 /* CRBSConstants.m in Sources */,
				095A30151D34952100665F07 /* CRBSAppDelegate.swift in Sources */,
				095A30171D34964300665F07 /* CRBSViewController.swift in Sources */,
			);
			runOnlyForDeploymentPostprocessing = 0;
		};
/* End PBXSourcesBuildPhase section */

/* Begin PBXTargetDependency section */
		095A30041D3491D100665F07 /* PBXTargetDependency */ = {
			isa = PBXTargetDependency;
			target = BDDB994E18C3943B003EBC42 /* CrushBootstrap */;
			targetProxy = 095A30031D3491D100665F07 /* PBXContainerItemProxy */;
		};
/* End PBXTargetDependency section */

/* Begin XCBuildConfiguration section */
		095A30051D3491D100665F07 /* Debug_Staging */ = {
			isa = XCBuildConfiguration;
			baseConfigurationReference = B7048883F2D70952BECA2D36 /* Pods-unit_tests-UnitTests.debug_staging.xcconfig */;
			buildSettings = {
				ALWAYS_SEARCH_USER_PATHS = NO;
				BUNDLE_LOADER = "$(TEST_HOST)";
				CLANG_ANALYZER_NONNULL = YES;
				CLANG_CXX_LANGUAGE_STANDARD = "gnu++0x";
				CLANG_CXX_LIBRARY = "libc++";
				CLANG_ENABLE_MODULES = YES;
				CLANG_ENABLE_OBJC_ARC = YES;
				CLANG_WARN_BOOL_CONVERSION = YES;
				CLANG_WARN_CONSTANT_CONVERSION = YES;
				CLANG_WARN_DIRECT_OBJC_ISA_USAGE = YES_ERROR;
				CLANG_WARN_EMPTY_BODY = YES;
				CLANG_WARN_ENUM_CONVERSION = YES;
				CLANG_WARN_INT_CONVERSION = YES;
				CLANG_WARN_OBJC_ROOT_CLASS = YES_ERROR;
				CLANG_WARN_UNREACHABLE_CODE = YES;
				CLANG_WARN__DUPLICATE_METHOD_MATCH = YES;
				"CODE_SIGN_IDENTITY[sdk=iphoneos*]" = "iPhone Developer";
				COPY_PHASE_STRIP = NO;
				DEBUG_INFORMATION_FORMAT = dwarf;
				ENABLE_STRICT_OBJC_MSGSEND = YES;
				ENABLE_TESTABILITY = YES;
				GCC_C_LANGUAGE_STANDARD = gnu99;
				GCC_DYNAMIC_NO_PIC = NO;
				GCC_NO_COMMON_BLOCKS = YES;
				GCC_OPTIMIZATION_LEVEL = 0;
				GCC_PREPROCESSOR_DEFINITIONS = (
					"DEBUG=1",
					"$(inherited)",
				);
				GCC_WARN_64_TO_32_BIT_CONVERSION = YES;
				GCC_WARN_ABOUT_RETURN_TYPE = YES_ERROR;
				GCC_WARN_UNDECLARED_SELECTOR = YES;
				GCC_WARN_UNINITIALIZED_AUTOS = YES_AGGRESSIVE;
				GCC_WARN_UNUSED_FUNCTION = YES;
				GCC_WARN_UNUSED_VARIABLE = YES;
				INFOPLIST_FILE = UnitTests/Info.plist;
				IPHONEOS_DEPLOYMENT_TARGET = 9.3;
				LD_RUNPATH_SEARCH_PATHS = "$(inherited) @executable_path/Frameworks @loader_path/Frameworks";
				MTL_ENABLE_DEBUG_INFO = YES;
				ONLY_ACTIVE_ARCH = YES;
				PRODUCT_BUNDLE_IDENTIFIER = com.tappollo.UnitTests;
				PRODUCT_NAME = "$(TARGET_NAME)";
				SDKROOT = iphoneos;
				SWIFT_OPTIMIZATION_LEVEL = "-Onone";
				TEST_HOST = "$(BUILT_PRODUCTS_DIR)/CrushBootstrap.app/CrushBootstrap";
			};
			name = Debug_Staging;
		};
		095A30061D3491D100665F07 /* Debug_Production */ = {
			isa = XCBuildConfiguration;
			baseConfigurationReference = C737AE953734B3746DC0F2E8 /* Pods-unit_tests-UnitTests.debug_production.xcconfig */;
			buildSettings = {
				ALWAYS_SEARCH_USER_PATHS = NO;
				BUNDLE_LOADER = "$(TEST_HOST)";
				CLANG_ANALYZER_NONNULL = YES;
				CLANG_CXX_LANGUAGE_STANDARD = "gnu++0x";
				CLANG_CXX_LIBRARY = "libc++";
				CLANG_ENABLE_MODULES = YES;
				CLANG_ENABLE_OBJC_ARC = YES;
				CLANG_WARN_BOOL_CONVERSION = YES;
				CLANG_WARN_CONSTANT_CONVERSION = YES;
				CLANG_WARN_DIRECT_OBJC_ISA_USAGE = YES_ERROR;
				CLANG_WARN_EMPTY_BODY = YES;
				CLANG_WARN_ENUM_CONVERSION = YES;
				CLANG_WARN_INT_CONVERSION = YES;
				CLANG_WARN_OBJC_ROOT_CLASS = YES_ERROR;
				CLANG_WARN_UNREACHABLE_CODE = YES;
				CLANG_WARN__DUPLICATE_METHOD_MATCH = YES;
				"CODE_SIGN_IDENTITY[sdk=iphoneos*]" = "iPhone Developer";
				COPY_PHASE_STRIP = NO;
				DEBUG_INFORMATION_FORMAT = dwarf;
				ENABLE_STRICT_OBJC_MSGSEND = YES;
				ENABLE_TESTABILITY = YES;
				GCC_C_LANGUAGE_STANDARD = gnu99;
				GCC_DYNAMIC_NO_PIC = NO;
				GCC_NO_COMMON_BLOCKS = YES;
				GCC_OPTIMIZATION_LEVEL = 0;
				GCC_PREPROCESSOR_DEFINITIONS = (
					"DEBUG=1",
					"$(inherited)",
				);
				GCC_WARN_64_TO_32_BIT_CONVERSION = YES;
				GCC_WARN_ABOUT_RETURN_TYPE = YES_ERROR;
				GCC_WARN_UNDECLARED_SELECTOR = YES;
				GCC_WARN_UNINITIALIZED_AUTOS = YES_AGGRESSIVE;
				GCC_WARN_UNUSED_FUNCTION = YES;
				GCC_WARN_UNUSED_VARIABLE = YES;
				INFOPLIST_FILE = UnitTests/Info.plist;
				IPHONEOS_DEPLOYMENT_TARGET = 9.3;
				LD_RUNPATH_SEARCH_PATHS = "$(inherited) @executable_path/Frameworks @loader_path/Frameworks";
				MTL_ENABLE_DEBUG_INFO = YES;
				ONLY_ACTIVE_ARCH = YES;
				PRODUCT_BUNDLE_IDENTIFIER = com.tappollo.UnitTests;
				PRODUCT_NAME = "$(TARGET_NAME)";
				SDKROOT = iphoneos;
				SWIFT_OPTIMIZATION_LEVEL = "-Onone";
				TEST_HOST = "$(BUILT_PRODUCTS_DIR)/CrushBootstrap.app/CrushBootstrap";
			};
			name = Debug_Production;
		};
		095A30071D3491D100665F07 /* Test_Staging */ = {
			isa = XCBuildConfiguration;
			baseConfigurationReference = 90916D6CEE343404ED10C7CF /* Pods-unit_tests-UnitTests.test_staging.xcconfig */;
			buildSettings = {
				ALWAYS_SEARCH_USER_PATHS = NO;
				BUNDLE_LOADER = "$(TEST_HOST)";
				CLANG_ANALYZER_NONNULL = YES;
				CLANG_CXX_LANGUAGE_STANDARD = "gnu++0x";
				CLANG_CXX_LIBRARY = "libc++";
				CLANG_ENABLE_MODULES = YES;
				CLANG_ENABLE_OBJC_ARC = YES;
				CLANG_WARN_BOOL_CONVERSION = YES;
				CLANG_WARN_CONSTANT_CONVERSION = YES;
				CLANG_WARN_DIRECT_OBJC_ISA_USAGE = YES_ERROR;
				CLANG_WARN_EMPTY_BODY = YES;
				CLANG_WARN_ENUM_CONVERSION = YES;
				CLANG_WARN_INT_CONVERSION = YES;
				CLANG_WARN_OBJC_ROOT_CLASS = YES_ERROR;
				CLANG_WARN_UNREACHABLE_CODE = YES;
				CLANG_WARN__DUPLICATE_METHOD_MATCH = YES;
				"CODE_SIGN_IDENTITY[sdk=iphoneos*]" = "iPhone Developer";
				COPY_PHASE_STRIP = NO;
				DEBUG_INFORMATION_FORMAT = "dwarf-with-dsym";
				ENABLE_NS_ASSERTIONS = NO;
				ENABLE_STRICT_OBJC_MSGSEND = YES;
				GCC_C_LANGUAGE_STANDARD = gnu99;
				GCC_NO_COMMON_BLOCKS = YES;
				GCC_WARN_64_TO_32_BIT_CONVERSION = YES;
				GCC_WARN_ABOUT_RETURN_TYPE = YES_ERROR;
				GCC_WARN_UNDECLARED_SELECTOR = YES;
				GCC_WARN_UNINITIALIZED_AUTOS = YES_AGGRESSIVE;
				GCC_WARN_UNUSED_FUNCTION = YES;
				GCC_WARN_UNUSED_VARIABLE = YES;
				INFOPLIST_FILE = UnitTests/Info.plist;
				IPHONEOS_DEPLOYMENT_TARGET = 9.3;
				LD_RUNPATH_SEARCH_PATHS = "$(inherited) @executable_path/Frameworks @loader_path/Frameworks";
				MTL_ENABLE_DEBUG_INFO = NO;
				PRODUCT_BUNDLE_IDENTIFIER = com.tappollo.UnitTests;
				PRODUCT_NAME = "$(TARGET_NAME)";
				SDKROOT = iphoneos;
				TEST_HOST = "$(BUILT_PRODUCTS_DIR)/CrushBootstrap.app/CrushBootstrap";
				VALIDATE_PRODUCT = YES;
			};
			name = Test_Staging;
		};
		095A30081D3491D100665F07 /* Test_Production */ = {
			isa = XCBuildConfiguration;
			baseConfigurationReference = AB9A123C4D02836E7BC76F50 /* Pods-unit_tests-UnitTests.test_production.xcconfig */;
			buildSettings = {
				ALWAYS_SEARCH_USER_PATHS = NO;
				BUNDLE_LOADER = "$(TEST_HOST)";
				CLANG_ANALYZER_NONNULL = YES;
				CLANG_CXX_LANGUAGE_STANDARD = "gnu++0x";
				CLANG_CXX_LIBRARY = "libc++";
				CLANG_ENABLE_MODULES = YES;
				CLANG_ENABLE_OBJC_ARC = YES;
				CLANG_WARN_BOOL_CONVERSION = YES;
				CLANG_WARN_CONSTANT_CONVERSION = YES;
				CLANG_WARN_DIRECT_OBJC_ISA_USAGE = YES_ERROR;
				CLANG_WARN_EMPTY_BODY = YES;
				CLANG_WARN_ENUM_CONVERSION = YES;
				CLANG_WARN_INT_CONVERSION = YES;
				CLANG_WARN_OBJC_ROOT_CLASS = YES_ERROR;
				CLANG_WARN_UNREACHABLE_CODE = YES;
				CLANG_WARN__DUPLICATE_METHOD_MATCH = YES;
				"CODE_SIGN_IDENTITY[sdk=iphoneos*]" = "iPhone Developer";
				COPY_PHASE_STRIP = NO;
				DEBUG_INFORMATION_FORMAT = "dwarf-with-dsym";
				ENABLE_NS_ASSERTIONS = NO;
				ENABLE_STRICT_OBJC_MSGSEND = YES;
				GCC_C_LANGUAGE_STANDARD = gnu99;
				GCC_NO_COMMON_BLOCKS = YES;
				GCC_WARN_64_TO_32_BIT_CONVERSION = YES;
				GCC_WARN_ABOUT_RETURN_TYPE = YES_ERROR;
				GCC_WARN_UNDECLARED_SELECTOR = YES;
				GCC_WARN_UNINITIALIZED_AUTOS = YES_AGGRESSIVE;
				GCC_WARN_UNUSED_FUNCTION = YES;
				GCC_WARN_UNUSED_VARIABLE = YES;
				INFOPLIST_FILE = UnitTests/Info.plist;
				IPHONEOS_DEPLOYMENT_TARGET = 9.3;
				LD_RUNPATH_SEARCH_PATHS = "$(inherited) @executable_path/Frameworks @loader_path/Frameworks";
				MTL_ENABLE_DEBUG_INFO = NO;
				PRODUCT_BUNDLE_IDENTIFIER = com.tappollo.UnitTests;
				PRODUCT_NAME = "$(TARGET_NAME)";
				SDKROOT = iphoneos;
				TEST_HOST = "$(BUILT_PRODUCTS_DIR)/CrushBootstrap.app/CrushBootstrap";
				VALIDATE_PRODUCT = YES;
			};
			name = Test_Production;
		};
		095A30091D3491D100665F07 /* Distribution */ = {
			isa = XCBuildConfiguration;
			baseConfigurationReference = C9909D08EC89EA44846D68F3 /* Pods-unit_tests-UnitTests.distribution.xcconfig */;
			buildSettings = {
				ALWAYS_SEARCH_USER_PATHS = NO;
				BUNDLE_LOADER = "$(TEST_HOST)";
				CLANG_ANALYZER_NONNULL = YES;
				CLANG_CXX_LANGUAGE_STANDARD = "gnu++0x";
				CLANG_CXX_LIBRARY = "libc++";
				CLANG_ENABLE_MODULES = YES;
				CLANG_ENABLE_OBJC_ARC = YES;
				CLANG_WARN_BOOL_CONVERSION = YES;
				CLANG_WARN_CONSTANT_CONVERSION = YES;
				CLANG_WARN_DIRECT_OBJC_ISA_USAGE = YES_ERROR;
				CLANG_WARN_EMPTY_BODY = YES;
				CLANG_WARN_ENUM_CONVERSION = YES;
				CLANG_WARN_INT_CONVERSION = YES;
				CLANG_WARN_OBJC_ROOT_CLASS = YES_ERROR;
				CLANG_WARN_UNREACHABLE_CODE = YES;
				CLANG_WARN__DUPLICATE_METHOD_MATCH = YES;
				"CODE_SIGN_IDENTITY[sdk=iphoneos*]" = "iPhone Developer";
				COPY_PHASE_STRIP = NO;
				DEBUG_INFORMATION_FORMAT = "dwarf-with-dsym";
				ENABLE_NS_ASSERTIONS = NO;
				ENABLE_STRICT_OBJC_MSGSEND = YES;
				GCC_C_LANGUAGE_STANDARD = gnu99;
				GCC_NO_COMMON_BLOCKS = YES;
				GCC_WARN_64_TO_32_BIT_CONVERSION = YES;
				GCC_WARN_ABOUT_RETURN_TYPE = YES_ERROR;
				GCC_WARN_UNDECLARED_SELECTOR = YES;
				GCC_WARN_UNINITIALIZED_AUTOS = YES_AGGRESSIVE;
				GCC_WARN_UNUSED_FUNCTION = YES;
				GCC_WARN_UNUSED_VARIABLE = YES;
				INFOPLIST_FILE = UnitTests/Info.plist;
				IPHONEOS_DEPLOYMENT_TARGET = 9.3;
				LD_RUNPATH_SEARCH_PATHS = "$(inherited) @executable_path/Frameworks @loader_path/Frameworks";
				MTL_ENABLE_DEBUG_INFO = NO;
				PRODUCT_BUNDLE_IDENTIFIER = com.tappollo.UnitTests;
				PRODUCT_NAME = "$(TARGET_NAME)";
				SDKROOT = iphoneos;
				TEST_HOST = "$(BUILT_PRODUCTS_DIR)/CrushBootstrap.app/CrushBootstrap";
				VALIDATE_PRODUCT = YES;
			};
			name = Distribution;
		};
		095A300A1D3491D100665F07 /* AdHoc_Staging */ = {
			isa = XCBuildConfiguration;
			baseConfigurationReference = 9723C4FEC22B9DA0FA43DB71 /* Pods-unit_tests-UnitTests.adhoc_staging.xcconfig */;
			buildSettings = {
				ALWAYS_SEARCH_USER_PATHS = NO;
				BUNDLE_LOADER = "$(TEST_HOST)";
				CLANG_ANALYZER_NONNULL = YES;
				CLANG_CXX_LANGUAGE_STANDARD = "gnu++0x";
				CLANG_CXX_LIBRARY = "libc++";
				CLANG_ENABLE_MODULES = YES;
				CLANG_ENABLE_OBJC_ARC = YES;
				CLANG_WARN_BOOL_CONVERSION = YES;
				CLANG_WARN_CONSTANT_CONVERSION = YES;
				CLANG_WARN_DIRECT_OBJC_ISA_USAGE = YES_ERROR;
				CLANG_WARN_EMPTY_BODY = YES;
				CLANG_WARN_ENUM_CONVERSION = YES;
				CLANG_WARN_INT_CONVERSION = YES;
				CLANG_WARN_OBJC_ROOT_CLASS = YES_ERROR;
				CLANG_WARN_UNREACHABLE_CODE = YES;
				CLANG_WARN__DUPLICATE_METHOD_MATCH = YES;
				"CODE_SIGN_IDENTITY[sdk=iphoneos*]" = "iPhone Developer";
				COPY_PHASE_STRIP = NO;
				DEBUG_INFORMATION_FORMAT = "dwarf-with-dsym";
				ENABLE_NS_ASSERTIONS = NO;
				ENABLE_STRICT_OBJC_MSGSEND = YES;
				GCC_C_LANGUAGE_STANDARD = gnu99;
				GCC_NO_COMMON_BLOCKS = YES;
				GCC_WARN_64_TO_32_BIT_CONVERSION = YES;
				GCC_WARN_ABOUT_RETURN_TYPE = YES_ERROR;
				GCC_WARN_UNDECLARED_SELECTOR = YES;
				GCC_WARN_UNINITIALIZED_AUTOS = YES_AGGRESSIVE;
				GCC_WARN_UNUSED_FUNCTION = YES;
				GCC_WARN_UNUSED_VARIABLE = YES;
				INFOPLIST_FILE = UnitTests/Info.plist;
				IPHONEOS_DEPLOYMENT_TARGET = 9.3;
				LD_RUNPATH_SEARCH_PATHS = "$(inherited) @executable_path/Frameworks @loader_path/Frameworks";
				MTL_ENABLE_DEBUG_INFO = NO;
				PRODUCT_BUNDLE_IDENTIFIER = com.tappollo.UnitTests;
				PRODUCT_NAME = "$(TARGET_NAME)";
				SDKROOT = iphoneos;
				TEST_HOST = "$(BUILT_PRODUCTS_DIR)/CrushBootstrap.app/CrushBootstrap";
				VALIDATE_PRODUCT = YES;
			};
			name = AdHoc_Staging;
		};
		095A300B1D3491D100665F07 /* AdHoc_Production */ = {
			isa = XCBuildConfiguration;
			baseConfigurationReference = 3C3BF4B18BBE9DC32A505431 /* Pods-unit_tests-UnitTests.adhoc_production.xcconfig */;
			buildSettings = {
				ALWAYS_SEARCH_USER_PATHS = NO;
				BUNDLE_LOADER = "$(TEST_HOST)";
				CLANG_ANALYZER_NONNULL = YES;
				CLANG_CXX_LANGUAGE_STANDARD = "gnu++0x";
				CLANG_CXX_LIBRARY = "libc++";
				CLANG_ENABLE_MODULES = YES;
				CLANG_ENABLE_OBJC_ARC = YES;
				CLANG_WARN_BOOL_CONVERSION = YES;
				CLANG_WARN_CONSTANT_CONVERSION = YES;
				CLANG_WARN_DIRECT_OBJC_ISA_USAGE = YES_ERROR;
				CLANG_WARN_EMPTY_BODY = YES;
				CLANG_WARN_ENUM_CONVERSION = YES;
				CLANG_WARN_INT_CONVERSION = YES;
				CLANG_WARN_OBJC_ROOT_CLASS = YES_ERROR;
				CLANG_WARN_UNREACHABLE_CODE = YES;
				CLANG_WARN__DUPLICATE_METHOD_MATCH = YES;
				"CODE_SIGN_IDENTITY[sdk=iphoneos*]" = "iPhone Developer";
				COPY_PHASE_STRIP = NO;
				DEBUG_INFORMATION_FORMAT = "dwarf-with-dsym";
				ENABLE_NS_ASSERTIONS = NO;
				ENABLE_STRICT_OBJC_MSGSEND = YES;
				GCC_C_LANGUAGE_STANDARD = gnu99;
				GCC_NO_COMMON_BLOCKS = YES;
				GCC_WARN_64_TO_32_BIT_CONVERSION = YES;
				GCC_WARN_ABOUT_RETURN_TYPE = YES_ERROR;
				GCC_WARN_UNDECLARED_SELECTOR = YES;
				GCC_WARN_UNINITIALIZED_AUTOS = YES_AGGRESSIVE;
				GCC_WARN_UNUSED_FUNCTION = YES;
				GCC_WARN_UNUSED_VARIABLE = YES;
				INFOPLIST_FILE = UnitTests/Info.plist;
				IPHONEOS_DEPLOYMENT_TARGET = 9.3;
				LD_RUNPATH_SEARCH_PATHS = "$(inherited) @executable_path/Frameworks @loader_path/Frameworks";
				MTL_ENABLE_DEBUG_INFO = NO;
				PRODUCT_BUNDLE_IDENTIFIER = com.tappollo.UnitTests;
				PRODUCT_NAME = "$(TARGET_NAME)";
				SDKROOT = iphoneos;
				TEST_HOST = "$(BUILT_PRODUCTS_DIR)/CrushBootstrap.app/CrushBootstrap";
				VALIDATE_PRODUCT = YES;
			};
			name = AdHoc_Production;
		};
		095A300C1D3491D100665F07 /* Profile_Staging */ = {
			isa = XCBuildConfiguration;
			baseConfigurationReference = E501F7D3E6C8CFE0B1A045FF /* Pods-unit_tests-UnitTests.profile_staging.xcconfig */;
			buildSettings = {
				ALWAYS_SEARCH_USER_PATHS = NO;
				BUNDLE_LOADER = "$(TEST_HOST)";
				CLANG_ANALYZER_NONNULL = YES;
				CLANG_CXX_LANGUAGE_STANDARD = "gnu++0x";
				CLANG_CXX_LIBRARY = "libc++";
				CLANG_ENABLE_MODULES = YES;
				CLANG_ENABLE_OBJC_ARC = YES;
				CLANG_WARN_BOOL_CONVERSION = YES;
				CLANG_WARN_CONSTANT_CONVERSION = YES;
				CLANG_WARN_DIRECT_OBJC_ISA_USAGE = YES_ERROR;
				CLANG_WARN_EMPTY_BODY = YES;
				CLANG_WARN_ENUM_CONVERSION = YES;
				CLANG_WARN_INT_CONVERSION = YES;
				CLANG_WARN_OBJC_ROOT_CLASS = YES_ERROR;
				CLANG_WARN_UNREACHABLE_CODE = YES;
				CLANG_WARN__DUPLICATE_METHOD_MATCH = YES;
				"CODE_SIGN_IDENTITY[sdk=iphoneos*]" = "iPhone Developer";
				COPY_PHASE_STRIP = NO;
				DEBUG_INFORMATION_FORMAT = "dwarf-with-dsym";
				ENABLE_NS_ASSERTIONS = NO;
				ENABLE_STRICT_OBJC_MSGSEND = YES;
				GCC_C_LANGUAGE_STANDARD = gnu99;
				GCC_NO_COMMON_BLOCKS = YES;
				GCC_WARN_64_TO_32_BIT_CONVERSION = YES;
				GCC_WARN_ABOUT_RETURN_TYPE = YES_ERROR;
				GCC_WARN_UNDECLARED_SELECTOR = YES;
				GCC_WARN_UNINITIALIZED_AUTOS = YES_AGGRESSIVE;
				GCC_WARN_UNUSED_FUNCTION = YES;
				GCC_WARN_UNUSED_VARIABLE = YES;
				INFOPLIST_FILE = UnitTests/Info.plist;
				IPHONEOS_DEPLOYMENT_TARGET = 9.3;
				LD_RUNPATH_SEARCH_PATHS = "$(inherited) @executable_path/Frameworks @loader_path/Frameworks";
				MTL_ENABLE_DEBUG_INFO = NO;
				PRODUCT_BUNDLE_IDENTIFIER = com.tappollo.UnitTests;
				PRODUCT_NAME = "$(TARGET_NAME)";
				SDKROOT = iphoneos;
				TEST_HOST = "$(BUILT_PRODUCTS_DIR)/CrushBootstrap.app/CrushBootstrap";
				VALIDATE_PRODUCT = YES;
			};
			name = Profile_Staging;
		};
		095A300D1D3491D100665F07 /* Profile_Production */ = {
			isa = XCBuildConfiguration;
			baseConfigurationReference = 01142E738AF43B87D79BCDFD /* Pods-unit_tests-UnitTests.profile_production.xcconfig */;
			buildSettings = {
				ALWAYS_SEARCH_USER_PATHS = NO;
				BUNDLE_LOADER = "$(TEST_HOST)";
				CLANG_ANALYZER_NONNULL = YES;
				CLANG_CXX_LANGUAGE_STANDARD = "gnu++0x";
				CLANG_CXX_LIBRARY = "libc++";
				CLANG_ENABLE_MODULES = YES;
				CLANG_ENABLE_OBJC_ARC = YES;
				CLANG_WARN_BOOL_CONVERSION = YES;
				CLANG_WARN_CONSTANT_CONVERSION = YES;
				CLANG_WARN_DIRECT_OBJC_ISA_USAGE = YES_ERROR;
				CLANG_WARN_EMPTY_BODY = YES;
				CLANG_WARN_ENUM_CONVERSION = YES;
				CLANG_WARN_INT_CONVERSION = YES;
				CLANG_WARN_OBJC_ROOT_CLASS = YES_ERROR;
				CLANG_WARN_UNREACHABLE_CODE = YES;
				CLANG_WARN__DUPLICATE_METHOD_MATCH = YES;
				"CODE_SIGN_IDENTITY[sdk=iphoneos*]" = "iPhone Developer";
				COPY_PHASE_STRIP = NO;
				DEBUG_INFORMATION_FORMAT = "dwarf-with-dsym";
				ENABLE_NS_ASSERTIONS = NO;
				ENABLE_STRICT_OBJC_MSGSEND = YES;
				GCC_C_LANGUAGE_STANDARD = gnu99;
				GCC_NO_COMMON_BLOCKS = YES;
				GCC_WARN_64_TO_32_BIT_CONVERSION = YES;
				GCC_WARN_ABOUT_RETURN_TYPE = YES_ERROR;
				GCC_WARN_UNDECLARED_SELECTOR = YES;
				GCC_WARN_UNINITIALIZED_AUTOS = YES_AGGRESSIVE;
				GCC_WARN_UNUSED_FUNCTION = YES;
				GCC_WARN_UNUSED_VARIABLE = YES;
				INFOPLIST_FILE = UnitTests/Info.plist;
				IPHONEOS_DEPLOYMENT_TARGET = 9.3;
				LD_RUNPATH_SEARCH_PATHS = "$(inherited) @executable_path/Frameworks @loader_path/Frameworks";
				MTL_ENABLE_DEBUG_INFO = NO;
				PRODUCT_BUNDLE_IDENTIFIER = com.tappollo.UnitTests;
				PRODUCT_NAME = "$(TARGET_NAME)";
				SDKROOT = iphoneos;
				TEST_HOST = "$(BUILT_PRODUCTS_DIR)/CrushBootstrap.app/CrushBootstrap";
				VALIDATE_PRODUCT = YES;
			};
			name = Profile_Production;
		};
		BD49EA2018EC611D00F73350 /* Debug_Production */ = {
			isa = XCBuildConfiguration;
			baseConfigurationReference = BD4E49501B8AC7BE004C140F /* CrushBootstrap-Debug.xcconfig */;
			buildSettings = {
				ENABLE_TESTABILITY = YES;
				GCC_NO_COMMON_BLOCKS = YES;
				IPHONEOS_DEPLOYMENT_TARGET = 8.0;
				ONLY_ACTIVE_ARCH = YES;
				SDKROOT = iphoneos;
				TARGETED_DEVICE_FAMILY = "1,2";
			};
			name = Debug_Production;
		};
		BD49EA2118EC611D00F73350 /* Debug_Production */ = {
			isa = XCBuildConfiguration;
			baseConfigurationReference = EDC752BB1F04C785B5918D1A /* Pods-CrushBootstrap.debug_production.xcconfig */;
			buildSettings = {
				ASSETCATALOG_COMPILER_APPICON_NAME = AppIcon;
				BUNDLE_ID_SUFFIX = .prod;
				BUNDLE_NAME_SUFFIX = " (Prod)";
				CLANG_ENABLE_MODULES = YES;
				CODE_SIGN_IDENTITY = "iPhone Developer";
				GCC_PRECOMPILE_PREFIX_HEADER = YES;
				GCC_PREFIX_HEADER = "CrushBootstrap/Application/CrushBootstrap-Prefix.pch";
				INFOPLIST_FILE = "CrushBootstrap/Other-Sources/CrushBootstrap-Info.plist";
				LD_RUNPATH_SEARCH_PATHS = "$(inherited) @executable_path/Frameworks";
				PRODUCT_BUNDLE_IDENTIFIER = "com.crushlovely.${PRODUCT_NAME:rfc1034identifier:lower}${BUNDLE_ID_SUFFIX}";
				PRODUCT_NAME = "$(TARGET_NAME)";
				SWIFT_OBJC_BRIDGING_HEADER = "CrushBootstrap/Application/CrushBootstrap-Bridging-Header.h";
				SWIFT_OPTIMIZATION_LEVEL = "-Onone";
			};
			name = Debug_Production;
		};
		BD49EA2318EC612E00F73350 /* Test_Production */ = {
			isa = XCBuildConfiguration;
			baseConfigurationReference = BD4E49531B8AC7BE004C140F /* CrushBootstrap-Test.xcconfig */;
			buildSettings = {
				GCC_NO_COMMON_BLOCKS = YES;
				IPHONEOS_DEPLOYMENT_TARGET = 8.0;
				SDKROOT = iphoneos;
				TARGETED_DEVICE_FAMILY = "1,2";
			};
			name = Test_Production;
		};
		BD49EA2418EC612E00F73350 /* Test_Production */ = {
			isa = XCBuildConfiguration;
			baseConfigurationReference = B3F5AE10A6BC30EA17B458AE /* Pods-CrushBootstrap.test_production.xcconfig */;
			buildSettings = {
				ASSETCATALOG_COMPILER_APPICON_NAME = AppIcon;
				BUNDLE_ID_SUFFIX = .prod;
				BUNDLE_NAME_SUFFIX = " (Prod)";
				CLANG_ENABLE_MODULES = YES;
				CODE_SIGN_IDENTITY = "iPhone Developer";
				GCC_PRECOMPILE_PREFIX_HEADER = YES;
				GCC_PREFIX_HEADER = "CrushBootstrap/Application/CrushBootstrap-Prefix.pch";
				INFOPLIST_FILE = "CrushBootstrap/Other-Sources/CrushBootstrap-Info.plist";
				LD_RUNPATH_SEARCH_PATHS = "$(inherited) @executable_path/Frameworks";
				PRODUCT_BUNDLE_IDENTIFIER = "com.crushlovely.${PRODUCT_NAME:rfc1034identifier:lower}${BUNDLE_ID_SUFFIX}";
				PRODUCT_NAME = "$(TARGET_NAME)";
				SWIFT_OBJC_BRIDGING_HEADER = "CrushBootstrap/Application/CrushBootstrap-Bridging-Header.h";
				SWIFT_OPTIMIZATION_LEVEL = "-Onone";
			};
			name = Test_Production;
		};
		BD49EA2618EC614F00F73350 /* AdHoc_Production */ = {
			isa = XCBuildConfiguration;
			baseConfigurationReference = BD4E49521B8AC7BE004C140F /* CrushBootstrap-Release.xcconfig */;
			buildSettings = {
				GCC_NO_COMMON_BLOCKS = YES;
				IPHONEOS_DEPLOYMENT_TARGET = 8.0;
				SDKROOT = iphoneos;
				TARGETED_DEVICE_FAMILY = "1,2";
			};
			name = AdHoc_Production;
		};
		BD49EA2718EC614F00F73350 /* AdHoc_Production */ = {
			isa = XCBuildConfiguration;
			baseConfigurationReference = A34E2124C2A98AAA584E1838 /* Pods-CrushBootstrap.adhoc_production.xcconfig */;
			buildSettings = {
				ASSETCATALOG_COMPILER_APPICON_NAME = AppIcon;
				BUNDLE_ID_SUFFIX = .prod;
				BUNDLE_NAME_SUFFIX = " (Prod)";
				CLANG_ENABLE_MODULES = YES;
				CODE_SIGN_IDENTITY = "iPhone Distribution";
				GCC_PRECOMPILE_PREFIX_HEADER = YES;
				GCC_PREFIX_HEADER = "CrushBootstrap/Application/CrushBootstrap-Prefix.pch";
				INFOPLIST_FILE = "CrushBootstrap/Other-Sources/CrushBootstrap-Info.plist";
				LD_RUNPATH_SEARCH_PATHS = "$(inherited) @executable_path/Frameworks";
				PRODUCT_BUNDLE_IDENTIFIER = "com.crushlovely.${PRODUCT_NAME:rfc1034identifier:lower}${BUNDLE_ID_SUFFIX}";
				PRODUCT_NAME = "$(TARGET_NAME)";
				SWIFT_OBJC_BRIDGING_HEADER = "CrushBootstrap/Application/CrushBootstrap-Bridging-Header.h";
			};
			name = AdHoc_Production;
		};
		BD49EA2918EC62DD00F73350 /* Profile_Production */ = {
			isa = XCBuildConfiguration;
			baseConfigurationReference = BD4E49511B8AC7BE004C140F /* CrushBootstrap-Profile.xcconfig */;
			buildSettings = {
				GCC_NO_COMMON_BLOCKS = YES;
				IPHONEOS_DEPLOYMENT_TARGET = 8.0;
				SDKROOT = iphoneos;
				TARGETED_DEVICE_FAMILY = "1,2";
			};
			name = Profile_Production;
		};
		BD49EA2A18EC62DD00F73350 /* Profile_Production */ = {
			isa = XCBuildConfiguration;
			baseConfigurationReference = 8BAE0A5AA8CF02F2F2496722 /* Pods-CrushBootstrap.profile_production.xcconfig */;
			buildSettings = {
				ASSETCATALOG_COMPILER_APPICON_NAME = AppIcon;
				BUNDLE_ID_SUFFIX = .prod;
				BUNDLE_NAME_SUFFIX = " (Prod)";
				CLANG_ENABLE_MODULES = YES;
				CODE_SIGN_IDENTITY = "iPhone Developer";
				GCC_PRECOMPILE_PREFIX_HEADER = YES;
				GCC_PREFIX_HEADER = "CrushBootstrap/Application/CrushBootstrap-Prefix.pch";
				INFOPLIST_FILE = "CrushBootstrap/Other-Sources/CrushBootstrap-Info.plist";
				LD_RUNPATH_SEARCH_PATHS = "$(inherited) @executable_path/Frameworks";
				PRODUCT_BUNDLE_IDENTIFIER = "com.crushlovely.${PRODUCT_NAME:rfc1034identifier:lower}${BUNDLE_ID_SUFFIX}";
				PRODUCT_NAME = "$(TARGET_NAME)";
				SWIFT_OBJC_BRIDGING_HEADER = "CrushBootstrap/Application/CrushBootstrap-Bridging-Header.h";
			};
			name = Profile_Production;
		};
		BDD67CDB18DFAB85008ECBBD /* AdHoc_Staging */ = {
			isa = XCBuildConfiguration;
			baseConfigurationReference = BD4E49521B8AC7BE004C140F /* CrushBootstrap-Release.xcconfig */;
			buildSettings = {
				GCC_NO_COMMON_BLOCKS = YES;
				IPHONEOS_DEPLOYMENT_TARGET = 8.0;
				SDKROOT = iphoneos;
				TARGETED_DEVICE_FAMILY = "1,2";
			};
			name = AdHoc_Staging;
		};
		BDD67CDC18DFAB85008ECBBD /* AdHoc_Staging */ = {
			isa = XCBuildConfiguration;
			baseConfigurationReference = 424A9AE868EE18C648D82A5A /* Pods-CrushBootstrap.adhoc_staging.xcconfig */;
			buildSettings = {
				ASSETCATALOG_COMPILER_APPICON_NAME = AppIcon;
				BUNDLE_ID_SUFFIX = .staging;
				BUNDLE_NAME_SUFFIX = " (Staging)";
				CLANG_ENABLE_MODULES = YES;
				CODE_SIGN_IDENTITY = "iPhone Distribution";
				GCC_PRECOMPILE_PREFIX_HEADER = YES;
				GCC_PREFIX_HEADER = "CrushBootstrap/Application/CrushBootstrap-Prefix.pch";
				INFOPLIST_FILE = "CrushBootstrap/Other-Sources/CrushBootstrap-Info.plist";
				LD_RUNPATH_SEARCH_PATHS = "$(inherited) @executable_path/Frameworks";
				PRODUCT_BUNDLE_IDENTIFIER = "com.crushlovely.${PRODUCT_NAME:rfc1034identifier:lower}${BUNDLE_ID_SUFFIX}";
				PRODUCT_NAME = "$(TARGET_NAME)";
				SWIFT_OBJC_BRIDGING_HEADER = "CrushBootstrap/Application/CrushBootstrap-Bridging-Header.h";
			};
			name = AdHoc_Staging;
		};
		BDDB998218C3943B003EBC42 /* Debug_Staging */ = {
			isa = XCBuildConfiguration;
			baseConfigurationReference = BD4E49501B8AC7BE004C140F /* CrushBootstrap-Debug.xcconfig */;
			buildSettings = {
				ENABLE_TESTABILITY = YES;
				GCC_NO_COMMON_BLOCKS = YES;
				IPHONEOS_DEPLOYMENT_TARGET = 8.0;
				ONLY_ACTIVE_ARCH = YES;
				SDKROOT = iphoneos;
				TARGETED_DEVICE_FAMILY = "1,2";
			};
			name = Debug_Staging;
		};
		BDDB998318C3943B003EBC42 /* Distribution */ = {
			isa = XCBuildConfiguration;
			baseConfigurationReference = BD4E49521B8AC7BE004C140F /* CrushBootstrap-Release.xcconfig */;
			buildSettings = {
				GCC_NO_COMMON_BLOCKS = YES;
				IPHONEOS_DEPLOYMENT_TARGET = 8.0;
				SDKROOT = iphoneos;
				TARGETED_DEVICE_FAMILY = "1,2";
			};
			name = Distribution;
		};
		BDDB998518C3943B003EBC42 /* Debug_Staging */ = {
			isa = XCBuildConfiguration;
			baseConfigurationReference = 2B1C5A74EB7FAF42A2A6F293 /* Pods-CrushBootstrap.debug_staging.xcconfig */;
			buildSettings = {
				ASSETCATALOG_COMPILER_APPICON_NAME = AppIcon;
				BUNDLE_ID_SUFFIX = .staging;
				BUNDLE_NAME_SUFFIX = " (Staging)";
				CLANG_ENABLE_MODULES = YES;
				CODE_SIGN_IDENTITY = "iPhone Developer";
				GCC_PRECOMPILE_PREFIX_HEADER = YES;
				GCC_PREFIX_HEADER = "CrushBootstrap/Application/CrushBootstrap-Prefix.pch";
				INFOPLIST_FILE = "CrushBootstrap/Other-Sources/CrushBootstrap-Info.plist";
				LD_RUNPATH_SEARCH_PATHS = "$(inherited) @executable_path/Frameworks";
				PRODUCT_BUNDLE_IDENTIFIER = "com.crushlovely.${PRODUCT_NAME:rfc1034identifier:lower}${BUNDLE_ID_SUFFIX}";
				PRODUCT_NAME = "$(TARGET_NAME)";
				SWIFT_OBJC_BRIDGING_HEADER = "CrushBootstrap/Application/CrushBootstrap-Bridging-Header.h";
				SWIFT_OPTIMIZATION_LEVEL = "-Onone";
			};
			name = Debug_Staging;
		};
		BDDB998618C3943B003EBC42 /* Distribution */ = {
			isa = XCBuildConfiguration;
			baseConfigurationReference = 36944FCC870D1794223372D4 /* Pods-CrushBootstrap.distribution.xcconfig */;
			buildSettings = {
				ASSETCATALOG_COMPILER_APPICON_NAME = AppIcon;
				BUNDLE_ID_SUFFIX = "";
				BUNDLE_NAME_SUFFIX = "";
				CLANG_ENABLE_MODULES = YES;
				CODE_SIGN_IDENTITY = "iPhone Distribution";
				GCC_PRECOMPILE_PREFIX_HEADER = YES;
				GCC_PREFIX_HEADER = "CrushBootstrap/Application/CrushBootstrap-Prefix.pch";
				INFOPLIST_FILE = "CrushBootstrap/Other-Sources/CrushBootstrap-Info.plist";
				LD_RUNPATH_SEARCH_PATHS = "$(inherited) @executable_path/Frameworks";
				PRODUCT_BUNDLE_IDENTIFIER = "com.crushlovely.${PRODUCT_NAME:rfc1034identifier:lower}${BUNDLE_ID_SUFFIX}";
				PRODUCT_NAME = "$(TARGET_NAME)";
				SWIFT_OBJC_BRIDGING_HEADER = "CrushBootstrap/Application/CrushBootstrap-Bridging-Header.h";
			};
			name = Distribution;
		};
		BDF1757A18C3986D008BD9C6 /* Profile_Staging */ = {
			isa = XCBuildConfiguration;
			baseConfigurationReference = BD4E49511B8AC7BE004C140F /* CrushBootstrap-Profile.xcconfig */;
			buildSettings = {
				GCC_NO_COMMON_BLOCKS = YES;
				IPHONEOS_DEPLOYMENT_TARGET = 8.0;
				SDKROOT = iphoneos;
				TARGETED_DEVICE_FAMILY = "1,2";
			};
			name = Profile_Staging;
		};
		BDF1757B18C3986D008BD9C6 /* Profile_Staging */ = {
			isa = XCBuildConfiguration;
			baseConfigurationReference = 874E0C9AA533D929356B3825 /* Pods-CrushBootstrap.profile_staging.xcconfig */;
			buildSettings = {
				ASSETCATALOG_COMPILER_APPICON_NAME = AppIcon;
				BUNDLE_ID_SUFFIX = .staging;
				BUNDLE_NAME_SUFFIX = " (Staging)";
				CLANG_ENABLE_MODULES = YES;
				CODE_SIGN_IDENTITY = "iPhone Developer";
				GCC_PRECOMPILE_PREFIX_HEADER = YES;
				GCC_PREFIX_HEADER = "CrushBootstrap/Application/CrushBootstrap-Prefix.pch";
				INFOPLIST_FILE = "CrushBootstrap/Other-Sources/CrushBootstrap-Info.plist";
				LD_RUNPATH_SEARCH_PATHS = "$(inherited) @executable_path/Frameworks";
				PRODUCT_BUNDLE_IDENTIFIER = "com.crushlovely.${PRODUCT_NAME:rfc1034identifier:lower}${BUNDLE_ID_SUFFIX}";
				PRODUCT_NAME = "$(TARGET_NAME)";
				SWIFT_OBJC_BRIDGING_HEADER = "CrushBootstrap/Application/CrushBootstrap-Bridging-Header.h";
			};
			name = Profile_Staging;
		};
		BDF1757D18C39BD3008BD9C6 /* Test_Staging */ = {
			isa = XCBuildConfiguration;
			baseConfigurationReference = BD4E49531B8AC7BE004C140F /* CrushBootstrap-Test.xcconfig */;
			buildSettings = {
				GCC_NO_COMMON_BLOCKS = YES;
				IPHONEOS_DEPLOYMENT_TARGET = 8.0;
				SDKROOT = iphoneos;
				TARGETED_DEVICE_FAMILY = "1,2";
			};
			name = Test_Staging;
		};
		BDF1757E18C39BD3008BD9C6 /* Test_Staging */ = {
			isa = XCBuildConfiguration;
			baseConfigurationReference = B83E4CF8734CCCF3C931269E /* Pods-CrushBootstrap.test_staging.xcconfig */;
			buildSettings = {
				ASSETCATALOG_COMPILER_APPICON_NAME = AppIcon;
				BUNDLE_ID_SUFFIX = .staging;
				BUNDLE_NAME_SUFFIX = " (Staging)";
				CLANG_ENABLE_MODULES = YES;
				CODE_SIGN_IDENTITY = "iPhone Developer";
				GCC_PRECOMPILE_PREFIX_HEADER = YES;
				GCC_PREFIX_HEADER = "CrushBootstrap/Application/CrushBootstrap-Prefix.pch";
				INFOPLIST_FILE = "CrushBootstrap/Other-Sources/CrushBootstrap-Info.plist";
				LD_RUNPATH_SEARCH_PATHS = "$(inherited) @executable_path/Frameworks";
				PRODUCT_BUNDLE_IDENTIFIER = "com.crushlovely.${PRODUCT_NAME:rfc1034identifier:lower}${BUNDLE_ID_SUFFIX}";
				PRODUCT_NAME = "$(TARGET_NAME)";
				SWIFT_OBJC_BRIDGING_HEADER = "CrushBootstrap/Application/CrushBootstrap-Bridging-Header.h";
				SWIFT_OPTIMIZATION_LEVEL = "-Onone";
			};
			name = Test_Staging;
		};
/* End XCBuildConfiguration section */

/* Begin XCConfigurationList section */
		095A300E1D3491D100665F07 /* Build configuration list for PBXNativeTarget "UnitTests" */ = {
			isa = XCConfigurationList;
			buildConfigurations = (
				095A30051D3491D100665F07 /* Debug_Staging */,
				095A30061D3491D100665F07 /* Debug_Production */,
				095A30071D3491D100665F07 /* Test_Staging */,
				095A30081D3491D100665F07 /* Test_Production */,
				095A30091D3491D100665F07 /* Distribution */,
				095A300A1D3491D100665F07 /* AdHoc_Staging */,
				095A300B1D3491D100665F07 /* AdHoc_Production */,
				095A300C1D3491D100665F07 /* Profile_Staging */,
				095A300D1D3491D100665F07 /* Profile_Production */,
			);
			defaultConfigurationIsVisible = 0;
			defaultConfigurationName = Distribution;
		};
		BDDB994A18C3943B003EBC42 /* Build configuration list for PBXProject "CrushBootstrap" */ = {
			isa = XCConfigurationList;
			buildConfigurations = (
				BDDB998218C3943B003EBC42 /* Debug_Staging */,
				BD49EA2018EC611D00F73350 /* Debug_Production */,
				BDF1757D18C39BD3008BD9C6 /* Test_Staging */,
				BD49EA2318EC612E00F73350 /* Test_Production */,
				BDDB998318C3943B003EBC42 /* Distribution */,
				BDD67CDB18DFAB85008ECBBD /* AdHoc_Staging */,
				BD49EA2618EC614F00F73350 /* AdHoc_Production */,
				BDF1757A18C3986D008BD9C6 /* Profile_Staging */,
				BD49EA2918EC62DD00F73350 /* Profile_Production */,
			);
			defaultConfigurationIsVisible = 0;
			defaultConfigurationName = Distribution;
		};
		BDDB998418C3943B003EBC42 /* Build configuration list for PBXNativeTarget "CrushBootstrap" */ = {
			isa = XCConfigurationList;
			buildConfigurations = (
				BDDB998518C3943B003EBC42 /* Debug_Staging */,
				BD49EA2118EC611D00F73350 /* Debug_Production */,
				BDF1757E18C39BD3008BD9C6 /* Test_Staging */,
				BD49EA2418EC612E00F73350 /* Test_Production */,
				BDDB998618C3943B003EBC42 /* Distribution */,
				BDD67CDC18DFAB85008ECBBD /* AdHoc_Staging */,
				BD49EA2718EC614F00F73350 /* AdHoc_Production */,
				BDF1757B18C3986D008BD9C6 /* Profile_Staging */,
				BD49EA2A18EC62DD00F73350 /* Profile_Production */,
			);
			defaultConfigurationIsVisible = 0;
			defaultConfigurationName = Distribution;
		};
/* End XCConfigurationList section */
	};
	rootObject = BDDB994718C3943B003EBC42 /* Project object */;
}
